
Microsoft Visual Studio Solution File, Format Version 12.00
# Visual Studio Version 16
VisualStudioVersion = 16.0.29609.76
MinimumVisualStudioVersion = 10.0.40219.1
Project("{2150E333-8FDC-42A3-9474-1A3956D46DE8}") = "src", "src", "{E2854051-2773-424E-8B98-35D67440B657}"
EndProject
Project("{2150E333-8FDC-42A3-9474-1A3956D46DE8}") = "Building Blocks", "Building Blocks", "{C32A9394-5C4C-46F3-9E74-987BD1CA1BC3}"
EndProject
Project("{2150E333-8FDC-42A3-9474-1A3956D46DE8}") = "Services", "Services", "{F767608C-DB91-4C74-B019-F11796C6A50F}"
EndProject
Project("{2150E333-8FDC-42A3-9474-1A3956D46DE8}") = "Web", "Web", "{0059970B-B7D1-4897-8644-6D60753E950D}"
EndProject
Project("{2150E333-8FDC-42A3-9474-1A3956D46DE8}") = "Identidade", "Identidade", "{3C490193-23E9-409E-A42F-05C86016C4ED}"
EndProject
Project("{9A19103F-16F7-4668-BE54-9A1E7A4F7556}") = "NSE.Identidade.API", "src\services\NSE.Identidade.API\NSE.Identidade.API.csproj", "{0A28DE73-7EE1-4266-B3CF-6A12BA709A7A}"
EndProject
Project("{2150E333-8FDC-42A3-9474-1A3956D46DE8}") = "MVC", "MVC", "{5B67939C-9D77-471A-BE6F-65B0CE082741}"
EndProject
Project("{9A19103F-16F7-4668-BE54-9A1E7A4F7556}") = "NSE.WebApp.MVC", "src\web\NSE.WebApp.MVC\NSE.WebApp.MVC.csproj", "{506B47C6-9630-4B29-AA0D-AACC8DF59E2F}"
EndProject
Project("{2150E333-8FDC-42A3-9474-1A3956D46DE8}") = "Core", "Core", "{F09B3032-1988-46AC-93D1-239F2DAAF801}"
EndProject
Project("{9A19103F-16F7-4668-BE54-9A1E7A4F7556}") = "NSE.Core", "src\building blocks\NSE.Core\NSE.Core.csproj", "{BDB8D882-D9E1-4F32-A421-6AACA652328F}"
EndProject
Project("{2150E333-8FDC-42A3-9474-1A3956D46DE8}") = "Carrinho", "Carrinho", "{5FA1B4DA-7A9B-4846-B1EA-1D4F4C27CE0A}"
EndProject
Project("{9A19103F-16F7-4668-BE54-9A1E7A4F7556}") = "NSE.Carrinho.API", "src\services\NSE.Carrinho.API\NSE.Carrinho.API.csproj", "{C4A830ED-2AD5-445E-B734-0BC369732E0C}"
EndProject
Project("{2150E333-8FDC-42A3-9474-1A3956D46DE8}") = "Catalogo", "Catalogo", "{6107EE35-5D85-4E66-A994-AAE1D4FC0503}"
EndProject
Project("{9A19103F-16F7-4668-BE54-9A1E7A4F7556}") = "NSE.Catalogo.API", "src\services\NSE.Catalogo.API\NSE.Catalogo.API.csproj", "{B2164239-D537-4CCB-8287-1E19BB833DBD}"
EndProject
Project("{2150E333-8FDC-42A3-9474-1A3956D46DE8}") = "Services", "Services", "{DD10D288-C36E-4449-96BF-6F96CBB56A23}"
EndProject
Project("{FAE04EC0-301F-11D3-BF4B-00C04F79EFBC}") = "NSE.WebAPI.Core", "src\building blocks\NSE.WebAPI.Core\NSE.WebAPI.Core.csproj", "{8C089259-9D26-42C1-8D7F-7B876945770A}"
EndProject
Global
	GlobalSection(SolutionConfigurationPlatforms) = preSolution
		Debug|Any CPU = Debug|Any CPU
		Release|Any CPU = Release|Any CPU
	EndGlobalSection
	GlobalSection(ProjectConfigurationPlatforms) = postSolution
		{0A28DE73-7EE1-4266-B3CF-6A12BA709A7A}.Debug|Any CPU.ActiveCfg = Debug|Any CPU
		{0A28DE73-7EE1-4266-B3CF-6A12BA709A7A}.Debug|Any CPU.Build.0 = Debug|Any CPU
		{0A28DE73-7EE1-4266-B3CF-6A12BA709A7A}.Release|Any CPU.ActiveCfg = Release|Any CPU
		{0A28DE73-7EE1-4266-B3CF-6A12BA709A7A}.Release|Any CPU.Build.0 = Release|Any CPU
		{506B47C6-9630-4B29-AA0D-AACC8DF59E2F}.Debug|Any CPU.ActiveCfg = Debug|Any CPU
		{506B47C6-9630-4B29-AA0D-AACC8DF59E2F}.Debug|Any CPU.Build.0 = Debug|Any CPU
		{506B47C6-9630-4B29-AA0D-AACC8DF59E2F}.Release|Any CPU.ActiveCfg = Release|Any CPU
		{506B47C6-9630-4B29-AA0D-AACC8DF59E2F}.Release|Any CPU.Build.0 = Release|Any CPU
		{BDB8D882-D9E1-4F32-A421-6AACA652328F}.Debug|Any CPU.ActiveCfg = Debug|Any CPU
		{BDB8D882-D9E1-4F32-A421-6AACA652328F}.Debug|Any CPU.Build.0 = Debug|Any CPU
		{BDB8D882-D9E1-4F32-A421-6AACA652328F}.Release|Any CPU.ActiveCfg = Release|Any CPU
		{BDB8D882-D9E1-4F32-A421-6AACA652328F}.Release|Any CPU.Build.0 = Release|Any CPU
		{C4A830ED-2AD5-445E-B734-0BC369732E0C}.Debug|Any CPU.ActiveCfg = Debug|Any CPU
		{C4A830ED-2AD5-445E-B734-0BC369732E0C}.Debug|Any CPU.Build.0 = Debug|Any CPU
		{C4A830ED-2AD5-445E-B734-0BC369732E0C}.Release|Any CPU.ActiveCfg = Release|Any CPU
		{C4A830ED-2AD5-445E-B734-0BC369732E0C}.Release|Any CPU.Build.0 = Release|Any CPU
		{B2164239-D537-4CCB-8287-1E19BB833DBD}.Debug|Any CPU.ActiveCfg = Debug|Any CPU
		{B2164239-D537-4CCB-8287-1E19BB833DBD}.Debug|Any CPU.Build.0 = Debug|Any CPU
		{B2164239-D537-4CCB-8287-1E19BB833DBD}.Release|Any CPU.ActiveCfg = Release|Any CPU
		{B2164239-D537-4CCB-8287-1E19BB833DBD}.Release|Any CPU.Build.0 = Release|Any CPU
		{8C089259-9D26-42C1-8D7F-7B876945770A}.Debug|Any CPU.ActiveCfg = Debug|Any CPU
		{8C089259-9D26-42C1-8D7F-7B876945770A}.Debug|Any CPU.Build.0 = Debug|Any CPU
		{8C089259-9D26-42C1-8D7F-7B876945770A}.Release|Any CPU.ActiveCfg = Release|Any CPU
		{8C089259-9D26-42C1-8D7F-7B876945770A}.Release|Any CPU.Build.0 = Release|Any CPU
	EndGlobalSection
	GlobalSection(SolutionProperties) = preSolution
		HideSolutionNode = FALSE
	EndGlobalSection
	GlobalSection(NestedProjects) = preSolution
		{C32A9394-5C4C-46F3-9E74-987BD1CA1BC3} = {E2854051-2773-424E-8B98-35D67440B657}
		{F767608C-DB91-4C74-B019-F11796C6A50F} = {E2854051-2773-424E-8B98-35D67440B657}
		{0059970B-B7D1-4897-8644-6D60753E950D} = {E2854051-2773-424E-8B98-35D67440B657}
		{3C490193-23E9-409E-A42F-05C86016C4ED} = {F767608C-DB91-4C74-B019-F11796C6A50F}
		{0A28DE73-7EE1-4266-B3CF-6A12BA709A7A} = {3C490193-23E9-409E-A42F-05C86016C4ED}
		{5B67939C-9D77-471A-BE6F-65B0CE082741} = {0059970B-B7D1-4897-8644-6D60753E950D}
		{506B47C6-9630-4B29-AA0D-AACC8DF59E2F} = {5B67939C-9D77-471A-BE6F-65B0CE082741}
		{F09B3032-1988-46AC-93D1-239F2DAAF801} = {C32A9394-5C4C-46F3-9E74-987BD1CA1BC3}
		{BDB8D882-D9E1-4F32-A421-6AACA652328F} = {F09B3032-1988-46AC-93D1-239F2DAAF801}
		{5FA1B4DA-7A9B-4846-B1EA-1D4F4C27CE0A} = {F767608C-DB91-4C74-B019-F11796C6A50F}
		{C4A830ED-2AD5-445E-B734-0BC369732E0C} = {5FA1B4DA-7A9B-4846-B1EA-1D4F4C27CE0A}
		{6107EE35-5D85-4E66-A994-AAE1D4FC0503} = {F767608C-DB91-4C74-B019-F11796C6A50F}
		{B2164239-D537-4CCB-8287-1E19BB833DBD} = {6107EE35-5D85-4E66-A994-AAE1D4FC0503}
		{DD10D288-C36E-4449-96BF-6F96CBB56A23} = {C32A9394-5C4C-46F3-9E74-987BD1CA1BC3}
		{8C089259-9D26-42C1-8D7F-7B876945770A} = {DD10D288-C36E-4449-96BF-6F96CBB56A23}
	EndGlobalSection
	GlobalSection(ExtensibilityGlobals) = postSolution
		SolutionGuid = {FF626586-968B-4F01-9E4A-4FA117F5E040}
	EndGlobalSection
EndGlobal
